// !$*UTF8*$!
{
	archiveVersion = 1;
	classes = {
	};
	objectVersion = 56;
	objects = {

/* Begin PBXBuildFile section */
		BB16F0922C4FEF130040421D /* revoluteconfigUIApp.swift in Sources */ = {isa = PBXBuildFile; fileRef = BB16F0912C4FEF130040421D /* revoluteconfigUIApp.swift */; };
		BB16F0942C4FEF130040421D /* ContentView.swift in Sources */ = {isa = PBXBuildFile; fileRef = BB16F0932C4FEF130040421D /* ContentView.swift */; };
		BB16F0962C4FEF140040421D /* Assets.xcassets in Resources */ = {isa = PBXBuildFile; fileRef = BB16F0952C4FEF140040421D /* Assets.xcassets */; };
		BB16F0992C4FEF140040421D /* Preview Assets.xcassets in Resources */ = {isa = PBXBuildFile; fileRef = BB16F0982C4FEF140040421D /* Preview Assets.xcassets */; };
		BB16F0A32C4FEF140040421D /* revoluteconfigUITests.swift in Sources */ = {isa = PBXBuildFile; fileRef = BB16F0A22C4FEF140040421D /* revoluteconfigUITests.swift */; };
		BB16F0AD2C4FEF140040421D /* revoluteconfigUIUITests.swift in Sources */ = {isa = PBXBuildFile; fileRef = BB16F0AC2C4FEF140040421D /* revoluteconfigUIUITests.swift */; };
		BB16F0AF2C4FEF140040421D /* revoluteconfigUIUITestsLaunchTests.swift in Sources */ = {isa = PBXBuildFile; fileRef = BB16F0AE2C4FEF140040421D /* revoluteconfigUIUITestsLaunchTests.swift */; };
		BB6F1C342C50D25F000696CB /* base.usdz in Resources */ = {isa = PBXBuildFile; fileRef = BB6F1C312C50D25F000696CB /* base.usdz */; };
		BB6F1C352C50D25F000696CB /* cap.usdz in Resources */ = {isa = PBXBuildFile; fileRef = BB6F1C322C50D25F000696CB /* cap.usdz */; };
/* End PBXBuildFile section */

/* Begin PBXContainerItemProxy section */
		BB16F09F2C4FEF140040421D /* PBXContainerItemProxy */ = {
			isa = PBXContainerItemProxy;
			containerPortal = BB16F0862C4FEF130040421D /* Project object */;
			proxyType = 1;
			remoteGlobalIDString = BB16F08D2C4FEF130040421D;
			remoteInfo = revoluteconfigUI;
		};
		BB16F0A92C4FEF140040421D /* PBXContainerItemProxy */ = {
			isa = PBXContainerItemProxy;
			containerPortal = BB16F0862C4FEF130040421D /* Project object */;
			proxyType = 1;
			remoteGlobalIDString = BB16F08D2C4FEF130040421D;
			remoteInfo = revoluteconfigUI;
		};
/* End PBXContainerItemProxy section */

/* Begin PBXFileReference section */
		BB16F08E2C4FEF130040421D /* revoluteconfigUI.app */ = {isa = PBXFileReference; explicitFileType = wrapper.application; includeInIndex = 0; path = revoluteconfigUI.app; sourceTree = BUILT_PRODUCTS_DIR; };
		BB16F0912C4FEF130040421D /* revoluteconfigUIApp.swift */ = {isa = PBXFileReference; lastKnownFileType = sourcecode.swift; path = revoluteconfigUIApp.swift; sourceTree = "<group>"; };
		BB16F0932C4FEF130040421D /* ContentView.swift */ = {isa = PBXFileReference; lastKnownFileType = sourcecode.swift; path = ContentView.swift; sourceTree = "<group>"; };
		BB16F0952C4FEF140040421D /* Assets.xcassets */ = {isa = PBXFileReference; lastKnownFileType = folder.assetcatalog; path = Assets.xcassets; sourceTree = "<group>"; };
		BB16F0982C4FEF140040421D /* Preview Assets.xcassets */ = {isa = PBXFileReference; lastKnownFileType = folder.assetcatalog; path = "Preview Assets.xcassets"; sourceTree = "<group>"; };
		BB16F09E2C4FEF140040421D /* revoluteconfigUITests.xctest */ = {isa = PBXFileReference; explicitFileType = wrapper.cfbundle; includeInIndex = 0; path = revoluteconfigUITests.xctest; sourceTree = BUILT_PRODUCTS_DIR; };
		BB16F0A22C4FEF140040421D /* revoluteconfigUITests.swift */ = {isa = PBXFileReference; lastKnownFileType = sourcecode.swift; path = revoluteconfigUITests.swift; sourceTree = "<group>"; };
		BB16F0A82C4FEF140040421D /* revoluteconfigUIUITests.xctest */ = {isa = PBXFileReference; explicitFileType = wrapper.cfbundle; includeInIndex = 0; path = revoluteconfigUIUITests.xctest; sourceTree = BUILT_PRODUCTS_DIR; };
		BB16F0AC2C4FEF140040421D /* revoluteconfigUIUITests.swift */ = {isa = PBXFileReference; lastKnownFileType = sourcecode.swift; path = revoluteconfigUIUITests.swift; sourceTree = "<group>"; };
		BB16F0AE2C4FEF140040421D /* revoluteconfigUIUITestsLaunchTests.swift */ = {isa = PBXFileReference; lastKnownFileType = sourcecode.swift; path = revoluteconfigUIUITestsLaunchTests.swift; sourceTree = "<group>"; };
		BB6F1C312C50D25F000696CB /* base.usdz */ = {isa = PBXFileReference; lastKnownFileType = file.usdz; path = base.usdz; sourceTree = "<group>"; };
		BB6F1C322C50D25F000696CB /* cap.usdz */ = {isa = PBXFileReference; lastKnownFileType = file.usdz; path = cap.usdz; sourceTree = "<group>"; };
/* End PBXFileReference section */

/* Begin PBXFrameworksBuildPhase section */
		BB16F08B2C4FEF130040421D /* Frameworks */ = {
			isa = PBXFrameworksBuildPhase;
			buildActionMask = 2147483647;
			files = (
			);
			runOnlyForDeploymentPostprocessing = 0;
		};
		BB16F09B2C4FEF140040421D /* Frameworks */ = {
			isa = PBXFrameworksBuildPhase;
			buildActionMask = 2147483647;
			files = (
			);
			runOnlyForDeploymentPostprocessing = 0;
		};
		BB16F0A52C4FEF140040421D /* Frameworks */ = {
			isa = PBXFrameworksBuildPhase;
			buildActionMask = 2147483647;
			files = (
			);
			runOnlyForDeploymentPostprocessing = 0;
		};
/* End PBXFrameworksBuildPhase section */

/* Begin PBXGroup section */
		BB16F0852C4FEF130040421D = {
			isa = PBXGroup;
			children = (
				BB16F0902C4FEF130040421D /* revoluteconfigUI */,
				BB16F0A12C4FEF140040421D /* revoluteconfigUITests */,
				BB16F0AB2C4FEF140040421D /* revoluteconfigUIUITests */,
				BB16F08F2C4FEF130040421D /* Products */,
			);
			sourceTree = "<group>";
		};
		BB16F08F2C4FEF130040421D /* Products */ = {
			isa = PBXGroup;
			children = (
				BB16F08E2C4FEF130040421D /* revoluteconfigUI.app */,
				BB16F09E2C4FEF140040421D /* revoluteconfigUITests.xctest */,
				BB16F0A82C4FEF140040421D /* revoluteconfigUIUITests.xctest */,
			);
			name = Products;
			sourceTree = "<group>";
		};
		BB16F0902C4FEF130040421D /* revoluteconfigUI */ = {
			isa = PBXGroup;
			children = (
				BB16F0912C4FEF130040421D /* revoluteconfigUIApp.swift */,
				BB16F0932C4FEF130040421D /* ContentView.swift */,
				BB6F1C332C50D25F000696CB /* Objects */,
				BB16F0952C4FEF140040421D /* Assets.xcassets */,
				BB16F0972C4FEF140040421D /* Preview Content */,
			);
			path = revoluteconfigUI;
			sourceTree = "<group>";
		};
		BB16F0972C4FEF140040421D /* Preview Content */ = {
			isa = PBXGroup;
			children = (
				BB16F0982C4FEF140040421D /* Preview Assets.xcassets */,
			);
			path = "Preview Content";
			sourceTree = "<group>";
		};
		BB16F0A12C4FEF140040421D /* revoluteconfigUITests */ = {
			isa = PBXGroup;
			children = (
				BB16F0A22C4FEF140040421D /* revoluteconfigUITests.swift */,
			);
			path = revoluteconfigUITests;
			sourceTree = "<group>";
		};
		BB16F0AB2C4FEF140040421D /* revoluteconfigUIUITests */ = {
			isa = PBXGroup;
			children = (
				BB16F0AC2C4FEF140040421D /* revoluteconfigUIUITests.swift */,
				BB16F0AE2C4FEF140040421D /* revoluteconfigUIUITestsLaunchTests.swift */,
			);
			path = revoluteconfigUIUITests;
			sourceTree = "<group>";
		};
		BB6F1C332C50D25F000696CB /* Objects */ = {
			isa = PBXGroup;
			children = (
				BB6F1C312C50D25F000696CB /* base.usdz */,
				BB6F1C322C50D25F000696CB /* cap.usdz */,
			);
			path = Objects;
			sourceTree = "<group>";
		};
/* End PBXGroup section */

/* Begin PBXNativeTarget section */
		BB16F08D2C4FEF130040421D /* revoluteconfigUI */ = {
			isa = PBXNativeTarget;
			buildConfigurationList = BB16F0B22C4FEF140040421D /* Build configuration list for PBXNativeTarget "revoluteconfigUI" */;
			buildPhases = (
				BB16F08A2C4FEF130040421D /* Sources */,
				BB16F08B2C4FEF130040421D /* Frameworks */,
				BB16F08C2C4FEF130040421D /* Resources */,
			);
			buildRules = (
			);
			dependencies = (
			);
			name = revoluteconfigUI;
			productName = revoluteconfigUI;
			productReference = BB16F08E2C4FEF130040421D /* revoluteconfigUI.app */;
			productType = "com.apple.product-type.application";
		};
		BB16F09D2C4FEF140040421D /* revoluteconfigUITests */ = {
			isa = PBXNativeTarget;
			buildConfigurationList = BB16F0B52C4FEF140040421D /* Build configuration list for PBXNativeTarget "revoluteconfigUITests" */;
			buildPhases = (
				BB16F09A2C4FEF140040421D /* Sources */,
				BB16F09B2C4FEF140040421D /* Frameworks */,
				BB16F09C2C4FEF140040421D /* Resources */,
			);
			buildRules = (
			);
			dependencies = (
				BB16F0A02C4FEF140040421D /* PBXTargetDependency */,
			);
			name = revoluteconfigUITests;
			productName = revoluteconfigUITests;
			productReference = BB16F09E2C4FEF140040421D /* revoluteconfigUITests.xctest */;
			productType = "com.apple.product-type.bundle.unit-test";
		};
		BB16F0A72C4FEF140040421D /* revoluteconfigUIUITests */ = {
			isa = PBXNativeTarget;
			buildConfigurationList = BB16F0B82C4FEF140040421D /* Build configuration list for PBXNativeTarget "revoluteconfigUIUITests" */;
			buildPhases = (
				BB16F0A42C4FEF140040421D /* Sources */,
				BB16F0A52C4FEF140040421D /* Frameworks */,
				BB16F0A62C4FEF140040421D /* Resources */,
			);
			buildRules = (
			);
			dependencies = (
				BB16F0AA2C4FEF140040421D /* PBXTargetDependency */,
			);
			name = revoluteconfigUIUITests;
			productName = revoluteconfigUIUITests;
			productReference = BB16F0A82C4FEF140040421D /* revoluteconfigUIUITests.xctest */;
			productType = "com.apple.product-type.bundle.ui-testing";
		};
/* End PBXNativeTarget section */

/* Begin PBXProject section */
		BB16F0862C4FEF130040421D /* Project object */ = {
			isa = PBXProject;
			attributes = {
				BuildIndependentTargetsInParallel = 1;
				LastSwiftUpdateCheck = 1540;
				LastUpgradeCheck = 1540;
				TargetAttributes = {
					BB16F08D2C4FEF130040421D = {
						CreatedOnToolsVersion = 15.4;
					};
					BB16F09D2C4FEF140040421D = {
						CreatedOnToolsVersion = 15.4;
						TestTargetID = BB16F08D2C4FEF130040421D;
					};
					BB16F0A72C4FEF140040421D = {
						CreatedOnToolsVersion = 15.4;
						TestTargetID = BB16F08D2C4FEF130040421D;
					};
				};
			};
			buildConfigurationList = BB16F0892C4FEF130040421D /* Build configuration list for PBXProject "revoluteconfigUI" */;
			compatibilityVersion = "Xcode 14.0";
			developmentRegion = en;
			hasScannedForEncodings = 0;
			knownRegions = (
				en,
				Base,
			);
			mainGroup = BB16F0852C4FEF130040421D;
			productRefGroup = BB16F08F2C4FEF130040421D /* Products */;
			projectDirPath = "";
			projectRoot = "";
			targets = (
				BB16F08D2C4FEF130040421D /* revoluteconfigUI */,
				BB16F09D2C4FEF140040421D /* revoluteconfigUITests */,
				BB16F0A72C4FEF140040421D /* revoluteconfigUIUITests */,
			);
		};
/* End PBXProject section */

/* Begin PBXResourcesBuildPhase section */
		BB16F08C2C4FEF130040421D /* Resources */ = {
			isa = PBXResourcesBuildPhase;
			buildActionMask = 2147483647;
			files = (
				BB6F1C352C50D25F000696CB /* cap.usdz in Resources */,
				BB6F1C342C50D25F000696CB /* base.usdz in Resources */,
				BB16F0992C4FEF140040421D /* Preview Assets.xcassets in Resources */,
				BB16F0962C4FEF140040421D /* Assets.xcassets in Resources */,
			);
			runOnlyForDeploymentPostprocessing = 0;
		};
		BB16F09C2C4FEF140040421D /* Resources */ = {
			isa = PBXResourcesBuildPhase;
			buildActionMask = 2147483647;
			files = (
			);
			runOnlyForDeploymentPostprocessing = 0;
		};
		BB16F0A62C4FEF140040421D /* Resources */ = {
			isa = PBXResourcesBuildPhase;
			buildActionMask = 2147483647;
			files = (
			);
			runOnlyForDeploymentPostprocessing = 0;
		};
/* End PBXResourcesBuildPhase section */

/* Begin PBXSourcesBuildPhase section */
		BB16F08A2C4FEF130040421D /* Sources */ = {
			isa = PBXSourcesBuildPhase;
			buildActionMask = 2147483647;
			files = (
				BB16F0942C4FEF130040421D /* ContentView.swift in Sources */,
				BB16F0922C4FEF130040421D /* revoluteconfigUIApp.swift in Sources */,
			);
			runOnlyForDeploymentPostprocessing = 0;
		};
		BB16F09A2C4FEF140040421D /* Sources */ = {
			isa = PBXSourcesBuildPhase;
			buildActionMask = 2147483647;
			files = (
				BB16F0A32C4FEF140040421D /* revoluteconfigUITests.swift in Sources */,
			);
			runOnlyForDeploymentPostprocessing = 0;
		};
		BB16F0A42C4FEF140040421D /* Sources */ = {
			isa = PBXSourcesBuildPhase;
			buildActionMask = 2147483647;
			files = (
				BB16F0AF2C4FEF140040421D /* revoluteconfigUIUITestsLaunchTests.swift in Sources */,
				BB16F0AD2C4FEF140040421D /* revoluteconfigUIUITests.swift in Sources */,
			);
			runOnlyForDeploymentPostprocessing = 0;
		};
/* End PBXSourcesBuildPhase section */

/* Begin PBXTargetDependency section */
		BB16F0A02C4FEF140040421D /* PBXTargetDependency */ = {
			isa = PBXTargetDependency;
			target = BB16F08D2C4FEF130040421D /* revoluteconfigUI */;
			targetProxy = BB16F09F2C4FEF140040421D /* PBXContainerItemProxy */;
		};
		BB16F0AA2C4FEF140040421D /* PBXTargetDependency */ = {
			isa = PBXTargetDependency;
			target = BB16F08D2C4FEF130040421D /* revoluteconfigUI */;
			targetProxy = BB16F0A92C4FEF140040421D /* PBXContainerItemProxy */;
		};
/* End PBXTargetDependency section */

/* Begin XCBuildConfiguration section */
		BB16F0B02C4FEF140040421D /* Debug */ = {
			isa = XCBuildConfiguration;
			buildSettings = {
				ALWAYS_SEARCH_USER_PATHS = NO;
				ASSETCATALOG_COMPILER_GENERATE_SWIFT_ASSET_SYMBOL_EXTENSIONS = YES;
				CLANG_ANALYZER_NONNULL = YES;
				CLANG_ANALYZER_NUMBER_OBJECT_CONVERSION = YES_AGGRESSIVE;
				CLANG_CXX_LANGUAGE_STANDARD = "gnu++20";
				CLANG_ENABLE_MODULES = YES;
				CLANG_ENABLE_OBJC_ARC = YES;
				CLANG_ENABLE_OBJC_WEAK = YES;
				CLANG_WARN_BLOCK_CAPTURE_AUTORELEASING = YES;
				CLANG_WARN_BOOL_CONVERSION = YES;
				CLANG_WARN_COMMA = YES;
				CLANG_WARN_CONSTANT_CONVERSION = YES;
				CLANG_WARN_DEPRECATED_OBJC_IMPLEMENTATIONS = YES;
				CLANG_WARN_DIRECT_OBJC_ISA_USAGE = YES_ERROR;
				CLANG_WARN_DOCUMENTATION_COMMENTS = YES;
				CLANG_WARN_EMPTY_BODY = YES;
				CLANG_WARN_ENUM_CONVERSION = YES;
				CLANG_WARN_INFINITE_RECURSION = YES;
				CLANG_WARN_INT_CONVERSION = YES;
				CLANG_WARN_NON_LITERAL_NULL_CONVERSION = YES;
				CLANG_WARN_OBJC_IMPLICIT_RETAIN_SELF = YES;
				CLANG_WARN_OBJC_LITERAL_CONVERSION = YES;
				CLANG_WARN_OBJC_ROOT_CLASS = YES_ERROR;
				CLANG_WARN_QUOTED_INCLUDE_IN_FRAMEWORK_HEADER = YES;
				CLANG_WARN_RANGE_LOOP_ANALYSIS = YES;
				CLANG_WARN_STRICT_PROTOTYPES = YES;
				CLANG_WARN_SUSPICIOUS_MOVE = YES;
				CLANG_WARN_UNGUARDED_AVAILABILITY = YES_AGGRESSIVE;
				CLANG_WARN_UNREACHABLE_CODE = YES;
				CLANG_WARN__DUPLICATE_METHOD_MATCH = YES;
				COPY_PHASE_STRIP = NO;
				DEBUG_INFORMATION_FORMAT = dwarf;
				ENABLE_STRICT_OBJC_MSGSEND = YES;
				ENABLE_TESTABILITY = YES;
				ENABLE_USER_SCRIPT_SANDBOXING = YES;
				GCC_C_LANGUAGE_STANDARD = gnu17;
				GCC_DYNAMIC_NO_PIC = NO;
				GCC_NO_COMMON_BLOCKS = YES;
				GCC_OPTIMIZATION_LEVEL = 0;
				GCC_PREPROCESSOR_DEFINITIONS = (
					"DEBUG=1",
					"$(inherited)",
				);
				GCC_WARN_64_TO_32_BIT_CONVERSION = YES;
				GCC_WARN_ABOUT_RETURN_TYPE = YES_ERROR;
				GCC_WARN_UNDECLARED_SELECTOR = YES;
				GCC_WARN_UNINITIALIZED_AUTOS = YES_AGGRESSIVE;
				GCC_WARN_UNUSED_FUNCTION = YES;
				GCC_WARN_UNUSED_VARIABLE = YES;
				IPHONEOS_DEPLOYMENT_TARGET = 17.5;
				LOCALIZATION_PREFERS_STRING_CATALOGS = YES;
				MTL_ENABLE_DEBUG_INFO = INCLUDE_SOURCE;
				MTL_FAST_MATH = YES;
				ONLY_ACTIVE_ARCH = YES;
				SDKROOT = iphoneos;
				SWIFT_ACTIVE_COMPILATION_CONDITIONS = "DEBUG $(inherited)";
				SWIFT_OPTIMIZATION_LEVEL = "-Onone";
			};
			name = Debug;
		};
		BB16F0B12C4FEF140040421D /* Release */ = {
			isa = XCBuildConfiguration;
			buildSettings = {
				ALWAYS_SEARCH_USER_PATHS = NO;
				ASSETCATALOG_COMPILER_GENERATE_SWIFT_ASSET_SYMBOL_EXTENSIONS = YES;
				CLANG_ANALYZER_NONNULL = YES;
				CLANG_ANALYZER_NUMBER_OBJECT_CONVERSION = YES_AGGRESSIVE;
				CLANG_CXX_LANGUAGE_STANDARD = "gnu++20";
				CLANG_ENABLE_MODULES = YES;
				CLANG_ENABLE_OBJC_ARC = YES;
				CLANG_ENABLE_OBJC_WEAK = YES;
				CLANG_WARN_BLOCK_CAPTURE_AUTORELEASING = YES;
				CLANG_WARN_BOOL_CONVERSION = YES;
				CLANG_WARN_COMMA = YES;
				CLANG_WARN_CONSTANT_CONVERSION = YES;
				CLANG_WARN_DEPRECATED_OBJC_IMPLEMENTATIONS = YES;
				CLANG_WARN_DIRECT_OBJC_ISA_USAGE = YES_ERROR;
				CLANG_WARN_DOCUMENTATION_COMMENTS = YES;
				CLANG_WARN_EMPTY_BODY = YES;
				CLANG_WARN_ENUM_CONVERSION = YES;
				CLANG_WARN_INFINITE_RECURSION = YES;
				CLANG_WARN_INT_CONVERSION = YES;
				CLANG_WARN_NON_LITERAL_NULL_CONVERSION = YES;
				CLANG_WARN_OBJC_IMPLICIT_RETAIN_SELF = YES;
				CLANG_WARN_OBJC_LITERAL_CONVERSION = YES;
				CLANG_WARN_OBJC_ROOT_CLASS = YES_ERROR;
				CLANG_WARN_QUOTED_INCLUDE_IN_FRAMEWORK_HEADER = YES;
				CLANG_WARN_RANGE_LOOP_ANALYSIS = YES;
				CLANG_WARN_STRICT_PROTOTYPES = YES;
				CLANG_WARN_SUSPICIOUS_MOVE = YES;
				CLANG_WARN_UNGUARDED_AVAILABILITY = YES_AGGRESSIVE;
				CLANG_WARN_UNREACHABLE_CODE = YES;
				CLANG_WARN__DUPLICATE_METHOD_MATCH = YES;
				COPY_PHASE_STRIP = NO;
				DEBUG_INFORMATION_FORMAT = "dwarf-with-dsym";
				ENABLE_NS_ASSERTIONS = NO;
				ENABLE_STRICT_OBJC_MSGSEND = YES;
				ENABLE_USER_SCRIPT_SANDBOXING = YES;
				GCC_C_LANGUAGE_STANDARD = gnu17;
				GCC_NO_COMMON_BLOCKS = YES;
				GCC_WARN_64_TO_32_BIT_CONVERSION = YES;
				GCC_WARN_ABOUT_RETURN_TYPE = YES_ERROR;
				GCC_WARN_UNDECLARED_SELECTOR = YES;
				GCC_WARN_UNINITIALIZED_AUTOS = YES_AGGRESSIVE;
				GCC_WARN_UNUSED_FUNCTION = YES;
				GCC_WARN_UNUSED_VARIABLE = YES;
				IPHONEOS_DEPLOYMENT_TARGET = 17.5;
				LOCALIZATION_PREFERS_STRING_CATALOGS = YES;
				MTL_ENABLE_DEBUG_INFO = NO;
				MTL_FAST_MATH = YES;
				SDKROOT = iphoneos;
				SWIFT_COMPILATION_MODE = wholemodule;
				VALIDATE_PRODUCT = YES;
			};
			name = Release;
		};
		BB16F0B32C4FEF140040421D /* Debug */ = {
			isa = XCBuildConfiguration;
			buildSettings = {
				ASSETCATALOG_COMPILER_APPICON_NAME = AppIcon;
				ASSETCATALOG_COMPILER_GLOBAL_ACCENT_COLOR_NAME = AccentColor;
				CODE_SIGN_STYLE = Automatic;
				CURRENT_PROJECT_VERSION = 1;
				DEVELOPMENT_ASSET_PATHS = "\"revoluteconfigUI/Preview Content\"";
				DEVELOPMENT_TEAM = WF7R53VRB7;
				ENABLE_PREVIEWS = YES;
				GENERATE_INFOPLIST_FILE = YES;
				INFOPLIST_KEY_UIApplicationSceneManifest_Generation = YES;
				INFOPLIST_KEY_UIApplicationSupportsIndirectInputEvents = YES;
				INFOPLIST_KEY_UILaunchScreen_Generation = YES;
				INFOPLIST_KEY_UISupportedInterfaceOrientations_iPad = "UIInterfaceOrientationPortrait UIInterfaceOrientationPortraitUpsideDown UIInterfaceOrientationLandscapeLeft UIInterfaceOrientationLandscapeRight";
				INFOPLIST_KEY_UISupportedInterfaceOrientations_iPhone = "UIInterfaceOrientationPortrait UIInterfaceOrientationLandscapeLeft UIInterfaceOrientationLandscapeRight";
				LD_RUNPATH_SEARCH_PATHS = (
					"$(inherited)",
					"@executable_path/Frameworks",
				);
				MARKETING_VERSION = 1.0;
				PRODUCT_BUNDLE_IDENTIFIER = Tongtonginc.revoluteconfigUI;
				PRODUCT_NAME = "$(TARGET_NAME)";
				SWIFT_EMIT_LOC_STRINGS = YES;
				SWIFT_VERSION = 5.0;
				TARGETED_DEVICE_FAMILY = "1,2";
			};
			name = Debug;
		};
		BB16F0B42C4FEF140040421D /* Release */ = {
			isa = XCBuildConfiguration;
			buildSettings = {
				ASSETCATALOG_COMPILER_APPICON_NAME = AppIcon;
				ASSETCATALOG_COMPILER_GLOBAL_ACCENT_COLOR_NAME = AccentColor;
				CODE_SIGN_STYLE = Automatic;
				CURRENT_PROJECT_VERSION = 1;
				DEVELOPMENT_ASSET_PATHS = "\"revoluteconfigUI/Preview Content\"";
				DEVELOPMENT_TEAM = WF7R53VRB7;
				ENABLE_PREVIEWS = YES;
				GENERATE_INFOPLIST_FILE = YES;
				INFOPLIST_KEY_UIApplicationSceneManifest_Generation = YES;
				INFOPLIST_KEY_UIApplicationSupportsIndirectInputEvents = YES;
				INFOPLIST_KEY_UILaunchScreen_Generation = YES;
				INFOPLIST_KEY_UISupportedInterfaceOrientations_iPad = "UIInterfaceOrientationPortrait UIInterfaceOrientationPortraitUpsideDown UIInterfaceOrientationLandscapeLeft UIInterfaceOrientationLandscapeRight";
				INFOPLIST_KEY_UISupportedInterfaceOrientations_iPhone = "UIInterfaceOrientationPortrait UIInterfaceOrientationLandscapeLeft UIInterfaceOrientationLandscapeRight";
				LD_RUNPATH_SEARCH_PATHS = (
					"$(inherited)",
					"@executable_path/Frameworks",
				);
				MARKETING_VERSION = 1.0;
				PRODUCT_BUNDLE_IDENTIFIER = Tongtonginc.revoluteconfigUI;
				PRODUCT_NAME = "$(TARGET_NAME)";
				SWIFT_EMIT_LOC_STRINGS = YES;
				SWIFT_VERSION = 5.0;
				TARGETED_DEVICE_FAMILY = "1,2";
			};
			name = Release;
		};
		BB16F0B62C4FEF140040421D /* Debug */ = {
			isa = XCBuildConfiguration;
			buildSettings = {
				ALWAYS_EMBED_SWIFT_STANDARD_LIBRARIES = YES;
				BUNDLE_LOADER = "$(TEST_HOST)";
				CODE_SIGN_STYLE = Automatic;
				CURRENT_PROJECT_VERSION = 1;
				DEVELOPMENT_TEAM = WF7R53VRB7;
				GENERATE_INFOPLIST_FILE = YES;
				IPHONEOS_DEPLOYMENT_TARGET = 17.5;
				MARKETING_VERSION = 1.0;
				PRODUCT_BUNDLE_IDENTIFIER = Tongtonginc.revoluteconfigUITests;
				PRODUCT_NAME = "$(TARGET_NAME)";
				SWIFT_EMIT_LOC_STRINGS = NO;
				SWIFT_VERSION = 5.0;
				TARGETED_DEVICE_FAMILY = "1,2";
				TEST_HOST = "$(BUILT_PRODUCTS_DIR)/revoluteconfigUI.app/$(BUNDLE_EXECUTABLE_FOLDER_PATH)/revoluteconfigUI";
			};
			name = Debug;
		};
		BB16F0B72C4FEF140040421D /* Release */ = {
			isa = XCBuildConfiguration;
			buildSettings = {
				ALWAYS_EMBED_SWIFT_STANDARD_LIBRARIES = YES;
				BUNDLE_LOADER = "$(TEST_HOST)";
				CODE_SIGN_STYLE = Automatic;
				CURRENT_PROJECT_VERSION = 1;
				DEVELOPMENT_TEAM = WF7R53VRB7;
				GENERATE_INFOPLIST_FILE = YES;
				IPHONEOS_DEPLOYMENT_TARGET = 17.5;
				MARKETING_VERSION = 1.0;
				PRODUCT_BUNDLE_IDENTIFIER = Tongtonginc.revoluteconfigUITests;
				PRODUCT_NAME = "$(TARGET_NAME)";
				SWIFT_EMIT_LOC_STRINGS = NO;
				SWIFT_VERSION = 5.0;
				TARGETED_DEVICE_FAMILY = "1,2";
				TEST_HOST = "$(BUILT_PRODUCTS_DIR)/revoluteconfigUI.app/$(BUNDLE_EXECUTABLE_FOLDER_PATH)/revoluteconfigUI";
			};
			name = Release;
		};
		BB16F0B92C4FEF140040421D /* Debug */ = {
			isa = XCBuildConfiguration;
			buildSettings = {
				ALWAYS_EMBED_SWIFT_STANDARD_LIBRARIES = YES;
				CODE_SIGN_STYLE = Automatic;
				CURRENT_PROJECT_VERSION = 1;
				DEVELOPMENT_TEAM = WF7R53VRB7;
				GENERATE_INFOPLIST_FILE = YES;
				MARKETING_VERSION = 1.0;
				PRODUCT_BUNDLE_IDENTIFIER = Tongtonginc.revoluteconfigUIUITests;
				PRODUCT_NAME = "$(TARGET_NAME)";
				SWIFT_EMIT_LOC_STRINGS = NO;
				SWIFT_VERSION = 5.0;
				TARGETED_DEVICE_FAMILY = "1,2";
				TEST_TARGET_NAME = revoluteconfigUI;
			};
			name = Debug;
		};
		BB16F0BA2C4FEF140040421D /* Release */ = {
			isa = XCBuildConfiguration;
			buildSettings = {
				ALWAYS_EMBED_SWIFT_STANDARD_LIBRARIES = YES;
				CODE_SIGN_STYLE = Automatic;
				CURRENT_PROJECT_VERSION = 1;
				DEVELOPMENT_TEAM = WF7R53VRB7;
				GENERATE_INFOPLIST_FILE = YES;
				MARKETING_VERSION = 1.0;
				PRODUCT_BUNDLE_IDENTIFIER = Tongtonginc.revoluteconfigUIUITests;
				PRODUCT_NAME = "$(TARGET_NAME)";
				SWIFT_EMIT_LOC_STRINGS = NO;
				SWIFT_VERSION = 5.0;
				TARGETED_DEVICE_FAMILY = "1,2";
				TEST_TARGET_NAME = revoluteconfigUI;
			};
			name = Release;
		};
/* End XCBuildConfiguration section */

/* Begin XCConfigurationList section */
		BB16F0892C4FEF130040421D /* Build configuration list for PBXProject "revoluteconfigUI" */ = {
			isa = XCConfigurationList;
			buildConfigurations = (
				BB16F0B02C4FEF140040421D /* Debug */,
				BB16F0B12C4FEF140040421D /* Release */,
			);
			defaultConfigurationIsVisible = 0;
			defaultConfigurationName = Release;
		};
		BB16F0B22C4FEF140040421D /* Build configuration list for PBXNativeTarget "revoluteconfigUI" */ = {
			isa = XCConfigurationList;
			buildConfigurations = (
				BB16F0B32C4FEF140040421D /* Debug */,
				BB16F0B42C4FEF140040421D /* Release */,
			);
			defaultConfigurationIsVisible = 0;
			defaultConfigurationName = Release;
		};
		BB16F0B52C4FEF140040421D /* Build configuration list for PBXNativeTarget "revoluteconfigUITests" */ = {
			isa = XCConfigurationList;
			buildConfigurations = (
				BB16F0B62C4FEF140040421D /* Debug */,
				BB16F0B72C4FEF140040421D /* Release */,
			);
			defaultConfigurationIsVisible = 0;
			defaultConfigurationName = Release;
		};
		BB16F0B82C4FEF140040421D /* Build configuration list for PBXNativeTarget "revoluteconfigUIUITests" */ = {
			isa = XCConfigurationList;
			buildConfigurations = (
				BB16F0B92C4FEF140040421D /* Debug */,
				BB16F0BA2C4FEF140040421D /* Release */,
			);
			defaultConfigurationIsVisible = 0;
			defaultConfigurationName = Release;
		};
/* End XCConfigurationList section */
	};
	rootObject = BB16F0862C4FEF130040421D /* Project object */;
}
